// !$*UTF8*$!
{
	archiveVersion = 1;
	classes = {
	};
	objectVersion = 46;
	objects = {

/* Begin PBXBuildFile section */
		ECC36CFE1C291BDB00C0A162 /* main.m in Sources */ = {isa = PBXBuildFile; fileRef = ECC36CFD1C291BDB00C0A162 /* main.m */; };
		ECC36D011C291BDB00C0A162 /* AppDelegate.m in Sources */ = {isa = PBXBuildFile; fileRef = ECC36D001C291BDB00C0A162 /* AppDelegate.m */; };
		ECC36D041C291BDB00C0A162 /* ViewController.m in Sources */ = {isa = PBXBuildFile; fileRef = ECC36D031C291BDB00C0A162 /* ViewController.m */; };
		ECC36D071C291BDB00C0A162 /* Main.storyboard in Resources */ = {isa = PBXBuildFile; fileRef = ECC36D051C291BDB00C0A162 /* Main.storyboard */; };
		ECC36D091C291BDB00C0A162 /* Assets.xcassets in Resources */ = {isa = PBXBuildFile; fileRef = ECC36D081C291BDB00C0A162 /* Assets.xcassets */; };
		ECC36D0C1C291BDB00C0A162 /* LaunchScreen.storyboard in Resources */ = {isa = PBXBuildFile; fileRef = ECC36D0A1C291BDB00C0A162 /* LaunchScreen.storyboard */; };
		ECC36D171C291BDC00C0A162 /* GHBLocationManagerTests.m in Sources */ = {isa = PBXBuildFile; fileRef = ECC36D161C291BDC00C0A162 /* GHBLocationManagerTests.m */; };
		ECC36D221C291BDC00C0A162 /* GHBLocationManagerUITests.m in Sources */ = {isa = PBXBuildFile; fileRef = ECC36D211C291BDC00C0A162 /* GHBLocationManagerUITests.m */; };
		ECC36D321C291C6000C0A162 /* CLLocation+GHBLocation.m in Sources */ = {isa = PBXBuildFile; fileRef = ECC36D311C291C6000C0A162 /* CLLocation+GHBLocation.m */; };
/* End PBXBuildFile section */

/* Begin PBXContainerItemProxy section */
		ECC36D131C291BDC00C0A162 /* PBXContainerItemProxy */ = {
			isa = PBXContainerItemProxy;
			containerPortal = ECC36CF11C291BDB00C0A162 /* Project object */;
			proxyType = 1;
			remoteGlobalIDString = ECC36CF81C291BDB00C0A162;
			remoteInfo = GHBLocationManager;
		};
		ECC36D1E1C291BDC00C0A162 /* PBXContainerItemProxy */ = {
			isa = PBXContainerItemProxy;
			containerPortal = ECC36CF11C291BDB00C0A162 /* Project object */;
			proxyType = 1;
			remoteGlobalIDString = ECC36CF81C291BDB00C0A162;
			remoteInfo = GHBLocationManager;
		};
/* End PBXContainerItemProxy section */

/* Begin PBXFileReference section */
		ECC36CF91C291BDB00C0A162 /* GHBLocationManager.app */ = {isa = PBXFileReference; explicitFileType = wrapper.application; includeInIndex = 0; path = GHBLocationManager.app; sourceTree = BUILT_PRODUCTS_DIR; };
		ECC36CFD1C291BDB00C0A162 /* main.m */ = {isa = PBXFileReference; lastKnownFileType = sourcecode.c.objc; path = main.m; sourceTree = "<group>"; };
		ECC36CFF1C291BDB00C0A162 /* AppDelegate.h */ = {isa = PBXFileReference; lastKnownFileType = sourcecode.c.h; path = AppDelegate.h; sourceTree = "<group>"; };
		ECC36D001C291BDB00C0A162 /* AppDelegate.m */ = {isa = PBXFileReference; lastKnownFileType = sourcecode.c.objc; path = AppDelegate.m; sourceTree = "<group>"; };
		ECC36D021C291BDB00C0A162 /* ViewController.h */ = {isa = PBXFileReference; lastKnownFileType = sourcecode.c.h; path = ViewController.h; sourceTree = "<group>"; };
		ECC36D031C291BDB00C0A162 /* ViewController.m */ = {isa = PBXFileReference; lastKnownFileType = sourcecode.c.objc; path = ViewController.m; sourceTree = "<group>"; };
		ECC36D061C291BDB00C0A162 /* Base */ = {isa = PBXFileReference; lastKnownFileType = file.storyboard; name = Base; path = Base.lproj/Main.storyboard; sourceTree = "<group>"; };
		ECC36D081C291BDB00C0A162 /* Assets.xcassets */ = {isa = PBXFileReference; lastKnownFileType = folder.assetcatalog; path = Assets.xcassets; sourceTree = "<group>"; };
		ECC36D0B1C291BDB00C0A162 /* Base */ = {isa = PBXFileReference; lastKnownFileType = file.storyboard; name = Base; path = Base.lproj/LaunchScreen.storyboard; sourceTree = "<group>"; };
		ECC36D0D1C291BDB00C0A162 /* Info.plist */ = {isa = PBXFileReference; lastKnownFileType = text.plist.xml; path = Info.plist; sourceTree = "<group>"; };
		ECC36D121C291BDC00C0A162 /* GHBLocationManagerTests.xctest */ = {isa = PBXFileReference; explicitFileType = wrapper.cfbundle; includeInIndex = 0; path = GHBLocationManagerTests.xctest; sourceTree = BUILT_PRODUCTS_DIR; };
		ECC36D161C291BDC00C0A162 /* GHBLocationManagerTests.m */ = {isa = PBXFileReference; lastKnownFileType = sourcecode.c.objc; path = GHBLocationManagerTests.m; sourceTree = "<group>"; };
		ECC36D181C291BDC00C0A162 /* Info.plist */ = {isa = PBXFileReference; lastKnownFileType = text.plist.xml; path = Info.plist; sourceTree = "<group>"; };
		ECC36D1D1C291BDC00C0A162 /* GHBLocationManagerUITests.xctest */ = {isa = PBXFileReference; explicitFileType = wrapper.cfbundle; includeInIndex = 0; path = GHBLocationManagerUITests.xctest; sourceTree = BUILT_PRODUCTS_DIR; };
		ECC36D211C291BDC00C0A162 /* GHBLocationManagerUITests.m */ = {isa = PBXFileReference; lastKnownFileType = sourcecode.c.objc; path = GHBLocationManagerUITests.m; sourceTree = "<group>"; };
		ECC36D231C291BDC00C0A162 /* Info.plist */ = {isa = PBXFileReference; lastKnownFileType = text.plist.xml; path = Info.plist; sourceTree = "<group>"; };
		ECC36D301C291C6000C0A162 /* CLLocation+GHBLocation.h */ = {isa = PBXFileReference; fileEncoding = 4; lastKnownFileType = sourcecode.c.h; path = "CLLocation+GHBLocation.h"; sourceTree = "<group>"; };
		ECC36D311C291C6000C0A162 /* CLLocation+GHBLocation.m */ = {isa = PBXFileReference; fileEncoding = 4; lastKnownFileType = sourcecode.c.objc; path = "CLLocation+GHBLocation.m"; sourceTree = "<group>"; };
/* End PBXFileReference section */

/* Begin PBXFrameworksBuildPhase section */
		ECC36CF61C291BDB00C0A162 /* Frameworks */ = {
			isa = PBXFrameworksBuildPhase;
			buildActionMask = 2147483647;
			files = (
			);
			runOnlyForDeploymentPostprocessing = 0;
		};
		ECC36D0F1C291BDC00C0A162 /* Frameworks */ = {
			isa = PBXFrameworksBuildPhase;
			buildActionMask = 2147483647;
			files = (
			);
			runOnlyForDeploymentPostprocessing = 0;
		};
		ECC36D1A1C291BDC00C0A162 /* Frameworks */ = {
			isa = PBXFrameworksBuildPhase;
			buildActionMask = 2147483647;
			files = (
			);
			runOnlyForDeploymentPostprocessing = 0;
		};
/* End PBXFrameworksBuildPhase section */

/* Begin PBXGroup section */
		ECC36CF01C291BDB00C0A162 = {
			isa = PBXGroup;
			children = (
				ECC36CFB1C291BDB00C0A162 /* GHBLocationManager */,
				ECC36D151C291BDC00C0A162 /* GHBLocationManagerTests */,
				ECC36D201C291BDC00C0A162 /* GHBLocationManagerUITests */,
				ECC36CFA1C291BDB00C0A162 /* Products */,
			);
			sourceTree = "<group>";
		};
		ECC36CFA1C291BDB00C0A162 /* Products */ = {
			isa = PBXGroup;
			children = (
				ECC36CF91C291BDB00C0A162 /* GHBLocationManager.app */,
				ECC36D121C291BDC00C0A162 /* GHBLocationManagerTests.xctest */,
				ECC36D1D1C291BDC00C0A162 /* GHBLocationManagerUITests.xctest */,
			);
			name = Products;
			sourceTree = "<group>";
		};
		ECC36CFB1C291BDB00C0A162 /* GHBLocationManager */ = {
			isa = PBXGroup;
			children = (
				ECC36D2F1C291C1C00C0A162 /* GHBLocation */,
				ECC36CFF1C291BDB00C0A162 /* AppDelegate.h */,
				ECC36D001C291BDB00C0A162 /* AppDelegate.m */,
				ECC36D021C291BDB00C0A162 /* ViewController.h */,
				ECC36D031C291BDB00C0A162 /* ViewController.m */,
				ECC36D051C291BDB00C0A162 /* Main.storyboard */,
				ECC36D081C291BDB00C0A162 /* Assets.xcassets */,
				ECC36D0A1C291BDB00C0A162 /* LaunchScreen.storyboard */,
				ECC36D0D1C291BDB00C0A162 /* Info.plist */,
				ECC36CFC1C291BDB00C0A162 /* Supporting Files */,
			);
			path = GHBLocationManager;
			sourceTree = "<group>";
		};
		ECC36CFC1C291BDB00C0A162 /* Supporting Files */ = {
			isa = PBXGroup;
			children = (
				ECC36CFD1C291BDB00C0A162 /* main.m */,
			);
			name = "Supporting Files";
			sourceTree = "<group>";
		};
		ECC36D151C291BDC00C0A162 /* GHBLocationManagerTests */ = {
			isa = PBXGroup;
			children = (
				ECC36D161C291BDC00C0A162 /* GHBLocationManagerTests.m */,
				ECC36D181C291BDC00C0A162 /* Info.plist */,
			);
			path = GHBLocationManagerTests;
			sourceTree = "<group>";
		};
		ECC36D201C291BDC00C0A162 /* GHBLocationManagerUITests */ = {
			isa = PBXGroup;
			children = (
				ECC36D211C291BDC00C0A162 /* GHBLocationManagerUITests.m */,
				ECC36D231C291BDC00C0A162 /* Info.plist */,
			);
			path = GHBLocationManagerUITests;
			sourceTree = "<group>";
		};
		ECC36D2F1C291C1C00C0A162 /* GHBLocation */ = {
			isa = PBXGroup;
			children = (
				ECC36D301C291C6000C0A162 /* CLLocation+GHBLocation.h */,
				ECC36D311C291C6000C0A162 /* CLLocation+GHBLocation.m */,
			);
			path = GHBLocation;
			sourceTree = "<group>";
		};
/* End PBXGroup section */

/* Begin PBXNativeTarget section */
		ECC36CF81C291BDB00C0A162 /* GHBLocationManager */ = {
			isa = PBXNativeTarget;
			buildConfigurationList = ECC36D261C291BDC00C0A162 /* Build configuration list for PBXNativeTarget "GHBLocationManager" */;
			buildPhases = (
				ECC36CF51C291BDB00C0A162 /* Sources */,
				ECC36CF61C291BDB00C0A162 /* Frameworks */,
				ECC36CF71C291BDB00C0A162 /* Resources */,
			);
			buildRules = (
			);
			dependencies = (
			);
			name = GHBLocationManager;
			productName = GHBLocationManager;
			productReference = ECC36CF91C291BDB00C0A162 /* GHBLocationManager.app */;
			productType = "com.apple.product-type.application";
		};
		ECC36D111C291BDC00C0A162 /* GHBLocationManagerTests */ = {
			isa = PBXNativeTarget;
			buildConfigurationList = ECC36D291C291BDC00C0A162 /* Build configuration list for PBXNativeTarget "GHBLocationManagerTests" */;
			buildPhases = (
				ECC36D0E1C291BDC00C0A162 /* Sources */,
				ECC36D0F1C291BDC00C0A162 /* Frameworks */,
				ECC36D101C291BDC00C0A162 /* Resources */,
			);
			buildRules = (
			);
			dependencies = (
				ECC36D141C291BDC00C0A162 /* PBXTargetDependency */,
			);
			name = GHBLocationManagerTests;
			productName = GHBLocationManagerTests;
			productReference = ECC36D121C291BDC00C0A162 /* GHBLocationManagerTests.xctest */;
			productType = "com.apple.product-type.bundle.unit-test";
		};
		ECC36D1C1C291BDC00C0A162 /* GHBLocationManagerUITests */ = {
			isa = PBXNativeTarget;
			buildConfigurationList = ECC36D2C1C291BDC00C0A162 /* Build configuration list for PBXNativeTarget "GHBLocationManagerUITests" */;
			buildPhases = (
				ECC36D191C291BDC00C0A162 /* Sources */,
				ECC36D1A1C291BDC00C0A162 /* Frameworks */,
				ECC36D1B1C291BDC00C0A162 /* Resources */,
			);
			buildRules = (
			);
			dependencies = (
				ECC36D1F1C291BDC00C0A162 /* PBXTargetDependency */,
			);
			name = GHBLocationManagerUITests;
			productName = GHBLocationManagerUITests;
			productReference = ECC36D1D1C291BDC00C0A162 /* GHBLocationManagerUITests.xctest */;
			productType = "com.apple.product-type.bundle.ui-testing";
		};
/* End PBXNativeTarget section */

/* Begin PBXProject section */
		ECC36CF11C291BDB00C0A162 /* Project object */ = {
			isa = PBXProject;
			attributes = {
				LastUpgradeCheck = 0710;
				ORGANIZATIONNAME = haibin;
				TargetAttributes = {
					ECC36CF81C291BDB00C0A162 = {
						CreatedOnToolsVersion = 7.1;
					};
					ECC36D111C291BDC00C0A162 = {
						CreatedOnToolsVersion = 7.1;
						TestTargetID = ECC36CF81C291BDB00C0A162;
					};
					ECC36D1C1C291BDC00C0A162 = {
						CreatedOnToolsVersion = 7.1;
						TestTargetID = ECC36CF81C291BDB00C0A162;
					};
				};
			};
			buildConfigurationList = ECC36CF41C291BDB00C0A162 /* Build configuration list for PBXProject "GHBLocationManager" */;
			compatibilityVersion = "Xcode 3.2";
			developmentRegion = English;
			hasScannedForEncodings = 0;
			knownRegions = (
				en,
				Base,
			);
			mainGroup = ECC36CF01C291BDB00C0A162;
			productRefGroup = ECC36CFA1C291BDB00C0A162 /* Products */;
			projectDirPath = "";
			projectRoot = "";
			targets = (
				ECC36CF81C291BDB00C0A162 /* GHBLocationManager */,
				ECC36D111C291BDC00C0A162 /* GHBLocationManagerTests */,
				ECC36D1C1C291BDC00C0A162 /* GHBLocationManagerUITests */,
			);
		};
/* End PBXProject section */

/* Begin PBXResourcesBuildPhase section */
		ECC36CF71C291BDB00C0A162 /* Resources */ = {
			isa = PBXResourcesBuildPhase;
			buildActionMask = 2147483647;
			files = (
				ECC36D0C1C291BDB00C0A162 /* LaunchScreen.storyboard in Resources */,
				ECC36D091C291BDB00C0A162 /* Assets.xcassets in Resources */,
				ECC36D071C291BDB00C0A162 /* Main.storyboard in Resources */,
			);
			runOnlyForDeploymentPostprocessing = 0;
		};
		ECC36D101C291BDC00C0A162 /* Resources */ = {
			isa = PBXResourcesBuildPhase;
			buildActionMask = 2147483647;
			files = (
			);
			runOnlyForDeploymentPostprocessing = 0;
		};
		ECC36D1B1C291BDC00C0A162 /* Resources */ = {
			isa = PBXResourcesBuildPhase;
			buildActionMask = 2147483647;
			files = (
			);
			runOnlyForDeploymentPostprocessing = 0;
		};
/* End PBXResourcesBuildPhase section */

/* Begin PBXSourcesBuildPhase section */
		ECC36CF51C291BDB00C0A162 /* Sources */ = {
			isa = PBXSourcesBuildPhase;
			buildActionMask = 2147483647;
			files = (
				ECC36D321C291C6000C0A162 /* CLLocation+GHBLocation.m in Sources */,
				ECC36D041C291BDB00C0A162 /* ViewController.m in Sources */,
				ECC36D011C291BDB00C0A162 /* AppDelegate.m in Sources */,
				ECC36CFE1C291BDB00C0A162 /* main.m in Sources */,
			);
			runOnlyForDeploymentPostprocessing = 0;
		};
		ECC36D0E1C291BDC00C0A162 /* Sources */ = {
			isa = PBXSourcesBuildPhase;
			buildActionMask = 2147483647;
			files = (
				ECC36D171C291BDC00C0A162 /* GHBLocationManagerTests.m in Sources */,
			);
			runOnlyForDeploymentPostprocessing = 0;
		};
		ECC36D191C291BDC00C0A162 /* Sources */ = {
			isa = PBXSourcesBuildPhase;
			buildActionMask = 2147483647;
			files = (
				ECC36D221C291BDC00C0A162 /* GHBLocationManagerUITests.m in Sources */,
			);
			runOnlyForDeploymentPostprocessing = 0;
		};
/* End PBXSourcesBuildPhase section */

/* Begin PBXTargetDependency section */
		ECC36D141C291BDC00C0A162 /* PBXTargetDependency */ = {
			isa = PBXTargetDependency;
			target = ECC36CF81C291BDB00C0A162 /* GHBLocationManager */;
			targetProxy = ECC36D131C291BDC00C0A162 /* PBXContainerItemProxy */;
		};
		ECC36D1F1C291BDC00C0A162 /* PBXTargetDependency */ = {
			isa = PBXTargetDependency;
			target = ECC36CF81C291BDB00C0A162 /* GHBLocationManager */;
			targetProxy = ECC36D1E1C291BDC00C0A162 /* PBXContainerItemProxy */;
		};
/* End PBXTargetDependency section */

/* Begin PBXVariantGroup section */
		ECC36D051C291BDB00C0A162 /* Main.storyboard */ = {
			isa = PBXVariantGroup;
			children = (
				ECC36D061C291BDB00C0A162 /* Base */,
			);
			name = Main.storyboard;
			sourceTree = "<group>";
		};
		ECC36D0A1C291BDB00C0A162 /* LaunchScreen.storyboard */ = {
			isa = PBXVariantGroup;
			children = (
				ECC36D0B1C291BDB00C0A162 /* Base */,
			);
			name = LaunchScreen.storyboard;
			sourceTree = "<group>";
		};
/* End PBXVariantGroup section */

/* Begin XCBuildConfiguration section */
		ECC36D241C291BDC00C0A162 /* Debug */ = {
			isa = XCBuildConfiguration;
			buildSettings = {
				ALWAYS_SEARCH_USER_PATHS = NO;
				CLANG_CXX_LANGUAGE_STANDARD = "gnu++0x";
				CLANG_CXX_LIBRARY = "libc++";
				CLANG_ENABLE_MODULES = YES;
				CLANG_ENABLE_OBJC_ARC = YES;
				CLANG_WARN_BOOL_CONVERSION = YES;
				CLANG_WARN_CONSTANT_CONVERSION = YES;
				CLANG_WARN_DIRECT_OBJC_ISA_USAGE = YES_ERROR;
				CLANG_WARN_EMPTY_BODY = YES;
				CLANG_WARN_ENUM_CONVERSION = YES;
				CLANG_WARN_INT_CONVERSION = YES;
				CLANG_WARN_OBJC_ROOT_CLASS = YES_ERROR;
				CLANG_WARN_UNREACHABLE_CODE = YES;
				CLANG_WARN__DUPLICATE_METHOD_MATCH = YES;
				"CODE_SIGN_IDENTITY[sdk=iphoneos*]" = "iPhone Developer";
				COPY_PHASE_STRIP = NO;
				DEBUG_INFORMATION_FORMAT = dwarf;
				ENABLE_STRICT_OBJC_MSGSEND = YES;
				ENABLE_TESTABILITY = YES;
				GCC_C_LANGUAGE_STANDARD = gnu99;
				GCC_DYNAMIC_NO_PIC = NO;
				GCC_NO_COMMON_BLOCKS = YES;
				GCC_OPTIMIZATION_LEVEL = 0;
				GCC_PREPROCESSOR_DEFINITIONS = (
					"DEBUG=1",
					"$(inherited)",
				);
				GCC_WARN_64_TO_32_BIT_CONVERSION = YES;
				GCC_WARN_ABOUT_RETURN_TYPE = YES_ERROR;
				GCC_WARN_UNDECLARED_SELECTOR = YES;
				GCC_WARN_UNINITIALIZED_AUTOS = YES_AGGRESSIVE;
				GCC_WARN_UNUSED_FUNCTION = YES;
				GCC_WARN_UNUSED_VARIABLE = YES;
				IPHONEOS_DEPLOYMENT_TARGET = 9.1;
				MTL_ENABLE_DEBUG_INFO = YES;
				ONLY_ACTIVE_ARCH = YES;
				SDKROOT = iphoneos;
				TARGETED_DEVICE_FAMILY = "1,2";
			};
			name = Debug;
		};
		ECC36D251C291BDC00C0A162 /* Release */ = {
			isa = XCBuildConfiguration;
			buildSettings = {
				ALWAYS_SEARCH_USER_PATHS = NO;
				CLANG_CXX_LANGUAGE_STANDARD = "gnu++0x";
				CLANG_CXX_LIBRARY = "libc++";
				CLANG_ENABLE_MODULES = YES;
				CLANG_ENABLE_OBJC_ARC = YES;
				CLANG_WARN_BOOL_CONVERSION = YES;
				CLANG_WARN_CONSTANT_CONVERSION = YES;
				CLANG_WARN_DIRECT_OBJC_ISA_USAGE = YES_ERROR;
				CLANG_WARN_EMPTY_BODY = YES;
				CLANG_WARN_ENUM_CONVERSION = YES;
				CLANG_WARN_INT_CONVERSION = YES;
				CLANG_WARN_OBJC_ROOT_CLASS = YES_ERROR;
				CLANG_WARN_UNREACHABLE_CODE = YES;
				CLANG_WARN__DUPLICATE_METHOD_MATCH = YES;
				"CODE_SIGN_IDENTITY[sdk=iphoneos*]" = "iPhone Developer";
				COPY_PHASE_STRIP = NO;
				DEBUG_INFORMATION_FORMAT = "dwarf-with-dsym";
				ENABLE_NS_ASSERTIONS = NO;
				ENABLE_STRICT_OBJC_MSGSEND = YES;
				GCC_C_LANGUAGE_STANDARD = gnu99;
				GCC_NO_COMMON_BLOCKS = YES;
				GCC_WARN_64_TO_32_BIT_CONVERSION = YES;
				GCC_WARN_ABOUT_RETURN_TYPE = YES_ERROR;
				GCC_WARN_UNDECLARED_SELECTOR = YES;
				GCC_WARN_UNINITIALIZED_AUTOS = YES_AGGRESSIVE;
				GCC_WARN_UNUSED_FUNCTION = YES;
				GCC_WARN_UNUSED_VARIABLE = YES;
				IPHONEOS_DEPLOYMENT_TARGET = 9.1;
				MTL_ENABLE_DEBUG_INFO = NO;
				SDKROOT = iphoneos;
				TARGETED_DEVICE_FAMILY = "1,2";
				VALIDATE_PRODUCT = YES;
			};
			name = Release;
		};
		ECC36D271C291BDC00C0A162 /* Debug */ = {
			isa = XCBuildConfiguration;
			buildSettings = {
				ASSETCATALOG_COMPILER_APPICON_NAME = AppIcon;
				INFOPLIST_FILE = GHBLocationManager/Info.plist;
				LD_RUNPATH_SEARCH_PATHS = "$(inherited) @executable_path/Frameworks";
				PRODUCT_BUNDLE_IDENTIFIER = cn.com.GHBLocationManager;
				PRODUCT_NAME = "$(TARGET_NAME)";
			};
			name = Debug;
		};
		ECC36D281C291BDC00C0A162 /* Release */ = {
			isa = XCBuildConfiguration;
			buildSettings = {
				ASSETCATALOG_COMPILER_APPICON_NAME = AppIcon;
				INFOPLIST_FILE = GHBLocationManager/Info.plist;
				LD_RUNPATH_SEARCH_PATHS = "$(inherited) @executable_path/Frameworks";
				PRODUCT_BUNDLE_IDENTIFIER = cn.com.GHBLocationManager;
				PRODUCT_NAME = "$(TARGET_NAME)";
			};
			name = Release;
		};
		ECC36D2A1C291BDC00C0A162 /* Debug */ = {
			isa = XCBuildConfiguration;
			buildSettings = {
				BUNDLE_LOADER = "$(TEST_HOST)";
				INFOPLIST_FILE = GHBLocationManagerTests/Info.plist;
				LD_RUNPATH_SEARCH_PATHS = "$(inherited) @executable_path/Frameworks @loader_path/Frameworks";
				PRODUCT_BUNDLE_IDENTIFIER = cn.com.GHBLocationManagerTests;
				PRODUCT_NAME = "$(TARGET_NAME)";
				TEST_HOST = "$(BUILT_PRODUCTS_DIR)/GHBLocationManager.app/GHBLocationManager";
			};
			name = Debug;
		};
		ECC36D2B1C291BDC00C0A162 /* Release */ = {
			isa = XCBuildConfiguration;
			buildSettings = {
				BUNDLE_LOADER = "$(TEST_HOST)";
				INFOPLIST_FILE = GHBLocationManagerTests/Info.plist;
				LD_RUNPATH_SEARCH_PATHS = "$(inherited) @executable_path/Frameworks @loader_path/Frameworks";
				PRODUCT_BUNDLE_IDENTIFIER = cn.com.GHBLocationManagerTests;
				PRODUCT_NAME = "$(TARGET_NAME)";
				TEST_HOST = "$(BUILT_PRODUCTS_DIR)/GHBLocationManager.app/GHBLocationManager";
			};
			name = Release;
		};
		ECC36D2D1C291BDC00C0A162 /* Debug */ = {
			isa = XCBuildConfiguration;
			buildSettings = {
				INFOPLIST_FILE = GHBLocationManagerUITests/Info.plist;
				LD_RUNPATH_SEARCH_PATHS = "$(inherited) @executable_path/Frameworks @loader_path/Frameworks";
				PRODUCT_BUNDLE_IDENTIFIER = cn.com.GHBLocationManagerUITests;
				PRODUCT_NAME = "$(TARGET_NAME)";
				TEST_TARGET_NAME = GHBLocationManager;
				USES_XCTRUNNER = YES;
			};
			name = Debug;
		};
		ECC36D2E1C291BDC00C0A162 /* Release */ = {
			isa = XCBuildConfiguration;
			buildSettings = {
				INFOPLIST_FILE = GHBLocationManagerUITests/Info.plist;
				LD_RUNPATH_SEARCH_PATHS = "$(inherited) @executable_path/Frameworks @loader_path/Frameworks";
				PRODUCT_BUNDLE_IDENTIFIER = cn.com.GHBLocationManagerUITests;
				PRODUCT_NAME = "$(TARGET_NAME)";
				TEST_TARGET_NAME = GHBLocationManager;
				USES_XCTRUNNER = YES;
			};
			name = Release;
		};
/* End XCBuildConfiguration section */

/* Begin XCConfigurationList section */
		ECC36CF41C291BDB00C0A162 /* Build configuration list for PBXProject "GHBLocationManager" */ = {
			isa = XCConfigurationList;
			buildConfigurations = (
				ECC36D241C291BDC00C0A162 /* Debug */,
				ECC36D251C291BDC00C0A162 /* Release */,
			);
			defaultConfigurationIsVisible = 0;
			defaultConfigurationName = Release;
		};
		ECC36D261C291BDC00C0A162 /* Build configuration list for PBXNativeTarget "GHBLocationManager" */ = {
			isa = XCConfigurationList;
			buildConfigurations = (
				ECC36D271C291BDC00C0A162 /* Debug */,
				ECC36D281C291BDC00C0A162 /* Release */,
			);
			defaultConfigurationIsVisible = 0;
		};
		ECC36D291C291BDC00C0A162 /* Build configuration list for PBXNativeTarget "GHBLocationManagerTests" */ = {
			isa = XCConfigurationList;
			buildConfigurations = (
				ECC36D2A1C291BDC00C0A162 /* Debug */,
				ECC36D2B1C291BDC00C0A162 /* Release */,
			);
			defaultConfigurationIsVisible = 0;
		};
		ECC36D2C1C291BDC00C0A162 /* Build configuration list for PBXNativeTarget "GHBLocationManagerUITests" */ = {
			isa = XCConfigurationList;
			buildConfigurations = (
				ECC36D2D1C291BDC00C0A162 /* Debug */,
				ECC36D2E1C291BDC00C0A162 /* Release */,
			);
			defaultConfigurationIsVisible = 0;
		};
/* End XCConfigurationList section */
	};
	rootObject = ECC36CF11C291BDB00C0A162 /* Project object */;
}
